
Microsoft Visual Studio Solution File, Format Version 12.00
# Visual Studio 14
VisualStudioVersion = 14.0.25420.1
MinimumVisualStudioVersion = 10.0.40219.1
Project("{8BC9CEB8-8B4A-11D0-8D11-00A0C91BC942}") = "MLITA-Labs", "MLITA-Labs\MLITA-Labs.vcxproj", "{B5E54872-23F0-4F08-B07F-863007C08B83}"
EndProject
Project("{8BC9CEB8-8B4A-11D0-8D11-00A0C91BC942}") = "Tortise", "Tortise\Tortise.vcxproj", "{94E3948E-8774-4377-ADA4-CDB511652185}"
EndProject
Project("{8BC9CEB8-8B4A-11D0-8D11-00A0C91BC942}") = "GroundAnalyze", "GroundAnalyze\GroundAnalyze.vcxproj", "{9980DC79-FED0-4848-A222-C2BD46BCA637}"
EndProject
Project("{8BC9CEB8-8B4A-11D0-8D11-00A0C91BC942}") = "Segment", "Segment\Segment.vcxproj", "{52618240-41EE-4017-9C8D-A9B403E6A154}"
EndProject
Project("{8BC9CEB8-8B4A-11D0-8D11-00A0C91BC942}") = "permutation", "permutation\permutation.vcxproj", "{2EC9E9B7-F07F-4A6D-9FE2-CA14B06C31DA}"
EndProject
Project("{8BC9CEB8-8B4A-11D0-8D11-00A0C91BC942}") = "GrayCode", "GrayCode\GrayCode.vcxproj", "{4CA315CE-A4D9-466A-93EB-F803886BADBB}"
EndProject
Project("{8BC9CEB8-8B4A-11D0-8D11-00A0C91BC942}") = "medicine", "medicine\medicine.vcxproj", "{F944747E-0107-4737-B955-710842C4E9D0}"
EndProject
Project("{8BC9CEB8-8B4A-11D0-8D11-00A0C91BC942}") = "kingsFlag", "kingsFlag\kingsFlag.vcxproj", "{87093B97-A814-4D70-BE4F-AFEB57963591}"
EndProject
Project("{8BC9CEB8-8B4A-11D0-8D11-00A0C91BC942}") = "cashbox", "cashbox\cashbox.vcxproj", "{509B38AC-70AA-4111-8954-182B7CCA9CC9}"
EndProject
Project("{8BC9CEB8-8B4A-11D0-8D11-00A0C91BC942}") = "FenvTree", "FenvTree\FenvTree.vcxproj", "{5F466E96-1669-491C-BDD3-53F449C80CA8}"
EndProject
Project("{8BC9CEB8-8B4A-11D0-8D11-00A0C91BC942}") = "VictoriaFenvic", "VictoriaFenvic\VictoriaFenvic.vcxproj", "{11B5DCEE-3E53-4161-BD50-1B07F546A57C}"
EndProject
Project("{8BC9CEB8-8B4A-11D0-8D11-00A0C91BC942}") = "GroundAnalyze2.0", "GroundAnalyze2.0\GroundAnalyze2.0.vcxproj", "{B22FE3FC-C7E3-4481-9E2D-D1C6F4C0C0E1}"
EndProject
Project("{8BC9CEB8-8B4A-11D0-8D11-00A0C91BC942}") = "Difference", "Difference\Difference.vcxproj", "{62A07121-8EE9-4F1E-B036-291BF053AF42}"
EndProject
Project("{8BC9CEB8-8B4A-11D0-8D11-00A0C91BC942}") = "segments_11.8", "segments_11.8\segments_11.8.vcxproj", "{E0ED8851-F520-4798-B700-14B95FD6A812}"
EndProject
Global
	GlobalSection(SolutionConfigurationPlatforms) = preSolution
		Debug|x64 = Debug|x64
		Debug|x86 = Debug|x86
		Release|x64 = Release|x64
		Release|x86 = Release|x86
	EndGlobalSection
	GlobalSection(ProjectConfigurationPlatforms) = postSolution
		{B5E54872-23F0-4F08-B07F-863007C08B83}.Debug|x64.ActiveCfg = Debug|x64
		{B5E54872-23F0-4F08-B07F-863007C08B83}.Debug|x64.Build.0 = Debug|x64
		{B5E54872-23F0-4F08-B07F-863007C08B83}.Debug|x86.ActiveCfg = Debug|Win32
		{B5E54872-23F0-4F08-B07F-863007C08B83}.Debug|x86.Build.0 = Debug|Win32
		{B5E54872-23F0-4F08-B07F-863007C08B83}.Release|x64.ActiveCfg = Release|x64
		{B5E54872-23F0-4F08-B07F-863007C08B83}.Release|x64.Build.0 = Release|x64
		{B5E54872-23F0-4F08-B07F-863007C08B83}.Release|x86.ActiveCfg = Release|Win32
		{B5E54872-23F0-4F08-B07F-863007C08B83}.Release|x86.Build.0 = Release|Win32
		{94E3948E-8774-4377-ADA4-CDB511652185}.Debug|x64.ActiveCfg = Debug|x64
		{94E3948E-8774-4377-ADA4-CDB511652185}.Debug|x64.Build.0 = Debug|x64
		{94E3948E-8774-4377-ADA4-CDB511652185}.Debug|x86.ActiveCfg = Debug|Win32
		{94E3948E-8774-4377-ADA4-CDB511652185}.Debug|x86.Build.0 = Debug|Win32
		{94E3948E-8774-4377-ADA4-CDB511652185}.Release|x64.ActiveCfg = Release|x64
		{94E3948E-8774-4377-ADA4-CDB511652185}.Release|x64.Build.0 = Release|x64
		{94E3948E-8774-4377-ADA4-CDB511652185}.Release|x86.ActiveCfg = Release|Win32
		{94E3948E-8774-4377-ADA4-CDB511652185}.Release|x86.Build.0 = Release|Win32
		{9980DC79-FED0-4848-A222-C2BD46BCA637}.Debug|x64.ActiveCfg = Debug|x64
		{9980DC79-FED0-4848-A222-C2BD46BCA637}.Debug|x64.Build.0 = Debug|x64
		{9980DC79-FED0-4848-A222-C2BD46BCA637}.Debug|x86.ActiveCfg = Debug|Win32
		{9980DC79-FED0-4848-A222-C2BD46BCA637}.Debug|x86.Build.0 = Debug|Win32
		{9980DC79-FED0-4848-A222-C2BD46BCA637}.Release|x64.ActiveCfg = Release|x64
		{9980DC79-FED0-4848-A222-C2BD46BCA637}.Release|x64.Build.0 = Release|x64
		{9980DC79-FED0-4848-A222-C2BD46BCA637}.Release|x86.ActiveCfg = Release|Win32
		{9980DC79-FED0-4848-A222-C2BD46BCA637}.Release|x86.Build.0 = Release|Win32
		{52618240-41EE-4017-9C8D-A9B403E6A154}.Debug|x64.ActiveCfg = Debug|x64
		{52618240-41EE-4017-9C8D-A9B403E6A154}.Debug|x64.Build.0 = Debug|x64
		{52618240-41EE-4017-9C8D-A9B403E6A154}.Debug|x86.ActiveCfg = Debug|Win32
		{52618240-41EE-4017-9C8D-A9B403E6A154}.Debug|x86.Build.0 = Debug|Win32
		{52618240-41EE-4017-9C8D-A9B403E6A154}.Release|x64.ActiveCfg = Release|x64
		{52618240-41EE-4017-9C8D-A9B403E6A154}.Release|x64.Build.0 = Release|x64
		{52618240-41EE-4017-9C8D-A9B403E6A154}.Release|x86.ActiveCfg = Release|Win32
		{52618240-41EE-4017-9C8D-A9B403E6A154}.Release|x86.Build.0 = Release|Win32
		{2EC9E9B7-F07F-4A6D-9FE2-CA14B06C31DA}.Debug|x64.ActiveCfg = Debug|x64
		{2EC9E9B7-F07F-4A6D-9FE2-CA14B06C31DA}.Debug|x64.Build.0 = Debug|x64
		{2EC9E9B7-F07F-4A6D-9FE2-CA14B06C31DA}.Debug|x86.ActiveCfg = Debug|Win32
		{2EC9E9B7-F07F-4A6D-9FE2-CA14B06C31DA}.Debug|x86.Build.0 = Debug|Win32
		{2EC9E9B7-F07F-4A6D-9FE2-CA14B06C31DA}.Release|x64.ActiveCfg = Release|x64
		{2EC9E9B7-F07F-4A6D-9FE2-CA14B06C31DA}.Release|x64.Build.0 = Release|x64
		{2EC9E9B7-F07F-4A6D-9FE2-CA14B06C31DA}.Release|x86.ActiveCfg = Release|Win32
		{2EC9E9B7-F07F-4A6D-9FE2-CA14B06C31DA}.Release|x86.Build.0 = Release|Win32
		{4CA315CE-A4D9-466A-93EB-F803886BADBB}.Debug|x64.ActiveCfg = Debug|x64
		{4CA315CE-A4D9-466A-93EB-F803886BADBB}.Debug|x64.Build.0 = Debug|x64
		{4CA315CE-A4D9-466A-93EB-F803886BADBB}.Debug|x86.ActiveCfg = Debug|Win32
		{4CA315CE-A4D9-466A-93EB-F803886BADBB}.Debug|x86.Build.0 = Debug|Win32
		{4CA315CE-A4D9-466A-93EB-F803886BADBB}.Release|x64.ActiveCfg = Release|x64
		{4CA315CE-A4D9-466A-93EB-F803886BADBB}.Release|x64.Build.0 = Release|x64
		{4CA315CE-A4D9-466A-93EB-F803886BADBB}.Release|x86.ActiveCfg = Release|Win32
		{4CA315CE-A4D9-466A-93EB-F803886BADBB}.Release|x86.Build.0 = Release|Win32
		{F944747E-0107-4737-B955-710842C4E9D0}.Debug|x64.ActiveCfg = Debug|x64
		{F944747E-0107-4737-B955-710842C4E9D0}.Debug|x64.Build.0 = Debug|x64
		{F944747E-0107-4737-B955-710842C4E9D0}.Debug|x86.ActiveCfg = Debug|Win32
		{F944747E-0107-4737-B955-710842C4E9D0}.Debug|x86.Build.0 = Debug|Win32
		{F944747E-0107-4737-B955-710842C4E9D0}.Release|x64.ActiveCfg = Release|x64
		{F944747E-0107-4737-B955-710842C4E9D0}.Release|x64.Build.0 = Release|x64
		{F944747E-0107-4737-B955-710842C4E9D0}.Release|x86.ActiveCfg = Release|Win32
		{F944747E-0107-4737-B955-710842C4E9D0}.Release|x86.Build.0 = Release|Win32
		{87093B97-A814-4D70-BE4F-AFEB57963591}.Debug|x64.ActiveCfg = Debug|x64
		{87093B97-A814-4D70-BE4F-AFEB57963591}.Debug|x64.Build.0 = Debug|x64
		{87093B97-A814-4D70-BE4F-AFEB57963591}.Debug|x86.ActiveCfg = Debug|Win32
		{87093B97-A814-4D70-BE4F-AFEB57963591}.Debug|x86.Build.0 = Debug|Win32
		{87093B97-A814-4D70-BE4F-AFEB57963591}.Release|x64.ActiveCfg = Release|x64
		{87093B97-A814-4D70-BE4F-AFEB57963591}.Release|x64.Build.0 = Release|x64
		{87093B97-A814-4D70-BE4F-AFEB57963591}.Release|x86.ActiveCfg = Release|Win32
		{87093B97-A814-4D70-BE4F-AFEB57963591}.Release|x86.Build.0 = Release|Win32
		{509B38AC-70AA-4111-8954-182B7CCA9CC9}.Debug|x64.ActiveCfg = Debug|x64
		{509B38AC-70AA-4111-8954-182B7CCA9CC9}.Debug|x64.Build.0 = Debug|x64
		{509B38AC-70AA-4111-8954-182B7CCA9CC9}.Debug|x86.ActiveCfg = Debug|Win32
		{509B38AC-70AA-4111-8954-182B7CCA9CC9}.Debug|x86.Build.0 = Debug|Win32
		{509B38AC-70AA-4111-8954-182B7CCA9CC9}.Release|x64.ActiveCfg = Release|x64
		{509B38AC-70AA-4111-8954-182B7CCA9CC9}.Release|x64.Build.0 = Release|x64
		{509B38AC-70AA-4111-8954-182B7CCA9CC9}.Release|x86.ActiveCfg = Release|Win32
		{509B38AC-70AA-4111-8954-182B7CCA9CC9}.Release|x86.Build.0 = Release|Win32
		{5F466E96-1669-491C-BDD3-53F449C80CA8}.Debug|x64.ActiveCfg = Debug|x64
		{5F466E96-1669-491C-BDD3-53F449C80CA8}.Debug|x64.Build.0 = Debug|x64
		{5F466E96-1669-491C-BDD3-53F449C80CA8}.Debug|x86.ActiveCfg = Debug|Win32
		{5F466E96-1669-491C-BDD3-53F449C80CA8}.Debug|x86.Build.0 = Debug|Win32
		{5F466E96-1669-491C-BDD3-53F449C80CA8}.Release|x64.ActiveCfg = Release|x64
		{5F466E96-1669-491C-BDD3-53F449C80CA8}.Release|x64.Build.0 = Release|x64
		{5F466E96-1669-491C-BDD3-53F449C80CA8}.Release|x86.ActiveCfg = Release|Win32
		{5F466E96-1669-491C-BDD3-53F449C80CA8}.Release|x86.Build.0 = Release|Win32
		{11B5DCEE-3E53-4161-BD50-1B07F546A57C}.Debug|x64.ActiveCfg = Debug|x64
		{11B5DCEE-3E53-4161-BD50-1B07F546A57C}.Debug|x64.Build.0 = Debug|x64
		{11B5DCEE-3E53-4161-BD50-1B07F546A57C}.Debug|x86.ActiveCfg = Debug|Win32
		{11B5DCEE-3E53-4161-BD50-1B07F546A57C}.Debug|x86.Build.0 = Debug|Win32
		{11B5DCEE-3E53-4161-BD50-1B07F546A57C}.Release|x64.ActiveCfg = Release|x64
		{11B5DCEE-3E53-4161-BD50-1B07F546A57C}.Release|x64.Build.0 = Release|x64
		{11B5DCEE-3E53-4161-BD50-1B07F546A57C}.Release|x86.ActiveCfg = Release|Win32
		{11B5DCEE-3E53-4161-BD50-1B07F546A57C}.Release|x86.Build.0 = Release|Win32
		{B22FE3FC-C7E3-4481-9E2D-D1C6F4C0C0E1}.Debug|x64.ActiveCfg = Debug|x64
		{B22FE3FC-C7E3-4481-9E2D-D1C6F4C0C0E1}.Debug|x64.Build.0 = Debug|x64
		{B22FE3FC-C7E3-4481-9E2D-D1C6F4C0C0E1}.Debug|x86.ActiveCfg = Debug|Win32
		{B22FE3FC-C7E3-4481-9E2D-D1C6F4C0C0E1}.Debug|x86.Build.0 = Debug|Win32
		{B22FE3FC-C7E3-4481-9E2D-D1C6F4C0C0E1}.Release|x64.ActiveCfg = Release|x64
		{B22FE3FC-C7E3-4481-9E2D-D1C6F4C0C0E1}.Release|x64.Build.0 = Release|x64
		{B22FE3FC-C7E3-4481-9E2D-D1C6F4C0C0E1}.Release|x86.ActiveCfg = Release|Win32
		{B22FE3FC-C7E3-4481-9E2D-D1C6F4C0C0E1}.Release|x86.Build.0 = Release|Win32
		{62A07121-8EE9-4F1E-B036-291BF053AF42}.Debug|x64.ActiveCfg = Debug|x64
		{62A07121-8EE9-4F1E-B036-291BF053AF42}.Debug|x64.Build.0 = Debug|x64
		{62A07121-8EE9-4F1E-B036-291BF053AF42}.Debug|x86.ActiveCfg = Debug|Win32
		{62A07121-8EE9-4F1E-B036-291BF053AF42}.Debug|x86.Build.0 = Debug|Win32
		{62A07121-8EE9-4F1E-B036-291BF053AF42}.Release|x64.ActiveCfg = Release|x64
		{62A07121-8EE9-4F1E-B036-291BF053AF42}.Release|x64.Build.0 = Release|x64
		{62A07121-8EE9-4F1E-B036-291BF053AF42}.Release|x86.ActiveCfg = Release|Win32
		{62A07121-8EE9-4F1E-B036-291BF053AF42}.Release|x86.Build.0 = Release|Win32
		{E0ED8851-F520-4798-B700-14B95FD6A812}.Debug|x64.ActiveCfg = Debug|x64
		{E0ED8851-F520-4798-B700-14B95FD6A812}.Debug|x64.Build.0 = Debug|x64
		{E0ED8851-F520-4798-B700-14B95FD6A812}.Debug|x86.ActiveCfg = Debug|Win32
		{E0ED8851-F520-4798-B700-14B95FD6A812}.Debug|x86.Build.0 = Debug|Win32
		{E0ED8851-F520-4798-B700-14B95FD6A812}.Release|x64.ActiveCfg = Release|x64
		{E0ED8851-F520-4798-B700-14B95FD6A812}.Release|x64.Build.0 = Release|x64
		{E0ED8851-F520-4798-B700-14B95FD6A812}.Release|x86.ActiveCfg = Release|Win32
		{E0ED8851-F520-4798-B700-14B95FD6A812}.Release|x86.Build.0 = Release|Win32
	EndGlobalSection
	GlobalSection(SolutionProperties) = preSolution
		HideSolutionNode = FALSE
	EndGlobalSection
EndGlobal
